
Microsoft Visual Studio Solution File, Format Version 12.00
# Visual Studio Version 17
VisualStudioVersion = 17.0.31903.59
MinimumVisualStudioVersion = 10.0.40219.1
Project("{2150E333-8FDC-42A3-9474-1A3956D46DE8}") = "src", "src", "{827E0CD3-B72D-47B6-A68D-7590B98EB39B}"
EndProject
Project("{FAE04EC0-301F-11D3-BF4B-00C04F79EFBC}") = "Inventory.Api", "src\Inventory.Api\Inventory.Api.csproj", "{E5BD4757-6ECF-4885-B3FB-ACA6C4082B94}"
EndProject
Project("{FAE04EC0-301F-11D3-BF4B-00C04F79EFBC}") = "Inventory.Application", "src\Inventory.Application\Inventory.Application.csproj", "{DC13A3C3-122E-40F5-AADE-89254FBA75B9}"
EndProject
Project("{FAE04EC0-301F-11D3-BF4B-00C04F79EFBC}") = "Inventory.Domain", "src\Inventory.Domain\Inventory.Domain.csproj", "{C38F9FD3-54CE-4DFD-BCE4-1A992016E479}"
EndProject
Project("{FAE04EC0-301F-11D3-BF4B-00C04F79EFBC}") = "Inventory.Infrastructure", "src\Inventory.Infrastructure\Inventory.Infrastructure.csproj", "{551C2140-1E5B-49E1-8B42-2EE3F1277A47}"
EndProject
Project("{2150E333-8FDC-42A3-9474-1A3956D46DE8}") = "tests", "tests", "{0AB3BF05-4346-4AA6-1389-037BE0695223}"
EndProject
Project("{FAE04EC0-301F-11D3-BF4B-00C04F79EFBC}") = "Inventory.IntegrationTests", "tests\Inventory.IntegrationTests\Inventory.IntegrationTests.csproj", "{85FD63DE-C4C0-46E4-95DD-977AADF5E2A5}"
EndProject
Project("{FAE04EC0-301F-11D3-BF4B-00C04F79EFBC}") = "Inventory.UnitTests", "tests\Inventory.UnitTests\Inventory.UnitTests.csproj", "{ED727C71-43C7-478E-93F4-4AFE7818CB7B}"
EndProject
Project("{2150E333-8FDC-42A3-9474-1A3956D46DE8}") = "tools", "tools", "{07C2787E-EAC7-C090-1BA3-A61EC2A24D84}"
EndProject
Project("{FAE04EC0-301F-11D3-BF4B-00C04F79EFBC}") = "Inventory.MigrationTool", "tools\Inventory.MigrationTool\Inventory.MigrationTool.csproj", "{FFCF6596-0EE5-4A66-8246-4BE47F3E95A7}"
EndProject
Global
	GlobalSection(SolutionConfigurationPlatforms) = preSolution
		Debug|Any CPU = Debug|Any CPU
		Debug|x64 = Debug|x64
		Debug|x86 = Debug|x86
		Release|Any CPU = Release|Any CPU
		Release|x64 = Release|x64
		Release|x86 = Release|x86
	EndGlobalSection
	GlobalSection(ProjectConfigurationPlatforms) = postSolution
		{E5BD4757-6ECF-4885-B3FB-ACA6C4082B94}.Debug|Any CPU.ActiveCfg = Debug|Any CPU
		{E5BD4757-6ECF-4885-B3FB-ACA6C4082B94}.Debug|Any CPU.Build.0 = Debug|Any CPU
		{E5BD4757-6ECF-4885-B3FB-ACA6C4082B94}.Debug|x64.ActiveCfg = Debug|Any CPU
		{E5BD4757-6ECF-4885-B3FB-ACA6C4082B94}.Debug|x64.Build.0 = Debug|Any CPU
		{E5BD4757-6ECF-4885-B3FB-ACA6C4082B94}.Debug|x86.ActiveCfg = Debug|Any CPU
		{E5BD4757-6ECF-4885-B3FB-ACA6C4082B94}.Debug|x86.Build.0 = Debug|Any CPU
		{E5BD4757-6ECF-4885-B3FB-ACA6C4082B94}.Release|Any CPU.ActiveCfg = Release|Any CPU
		{E5BD4757-6ECF-4885-B3FB-ACA6C4082B94}.Release|Any CPU.Build.0 = Release|Any CPU
		{E5BD4757-6ECF-4885-B3FB-ACA6C4082B94}.Release|x64.ActiveCfg = Release|Any CPU
		{E5BD4757-6ECF-4885-B3FB-ACA6C4082B94}.Release|x64.Build.0 = Release|Any CPU
		{E5BD4757-6ECF-4885-B3FB-ACA6C4082B94}.Release|x86.ActiveCfg = Release|Any CPU
		{E5BD4757-6ECF-4885-B3FB-ACA6C4082B94}.Release|x86.Build.0 = Release|Any CPU
		{DC13A3C3-122E-40F5-AADE-89254FBA75B9}.Debug|Any CPU.ActiveCfg = Debug|Any CPU
		{DC13A3C3-122E-40F5-AADE-89254FBA75B9}.Debug|Any CPU.Build.0 = Debug|Any CPU
		{DC13A3C3-122E-40F5-AADE-89254FBA75B9}.Debug|x64.ActiveCfg = Debug|Any CPU
		{DC13A3C3-122E-40F5-AADE-89254FBA75B9}.Debug|x64.Build.0 = Debug|Any CPU
		{DC13A3C3-122E-40F5-AADE-89254FBA75B9}.Debug|x86.ActiveCfg = Debug|Any CPU
		{DC13A3C3-122E-40F5-AADE-89254FBA75B9}.Debug|x86.Build.0 = Debug|Any CPU
		{DC13A3C3-122E-40F5-AADE-89254FBA75B9}.Release|Any CPU.ActiveCfg = Release|Any CPU
		{DC13A3C3-122E-40F5-AADE-89254FBA75B9}.Release|Any CPU.Build.0 = Release|Any CPU
		{DC13A3C3-122E-40F5-AADE-89254FBA75B9}.Release|x64.ActiveCfg = Release|Any CPU
		{DC13A3C3-122E-40F5-AADE-89254FBA75B9}.Release|x64.Build.0 = Release|Any CPU
		{DC13A3C3-122E-40F5-AADE-89254FBA75B9}.Release|x86.ActiveCfg = Release|Any CPU
		{DC13A3C3-122E-40F5-AADE-89254FBA75B9}.Release|x86.Build.0 = Release|Any CPU
		{C38F9FD3-54CE-4DFD-BCE4-1A992016E479}.Debug|Any CPU.ActiveCfg = Debug|Any CPU
		{C38F9FD3-54CE-4DFD-BCE4-1A992016E479}.Debug|Any CPU.Build.0 = Debug|Any CPU
		{C38F9FD3-54CE-4DFD-BCE4-1A992016E479}.Debug|x64.ActiveCfg = Debug|Any CPU
		{C38F9FD3-54CE-4DFD-BCE4-1A992016E479}.Debug|x64.Build.0 = Debug|Any CPU
		{C38F9FD3-54CE-4DFD-BCE4-1A992016E479}.Debug|x86.ActiveCfg = Debug|Any CPU
		{C38F9FD3-54CE-4DFD-BCE4-1A992016E479}.Debug|x86.Build.0 = Debug|Any CPU
		{C38F9FD3-54CE-4DFD-BCE4-1A992016E479}.Release|Any CPU.ActiveCfg = Release|Any CPU
		{C38F9FD3-54CE-4DFD-BCE4-1A992016E479}.Release|Any CPU.Build.0 = Release|Any CPU
		{C38F9FD3-54CE-4DFD-BCE4-1A992016E479}.Release|x64.ActiveCfg = Release|Any CPU
		{C38F9FD3-54CE-4DFD-BCE4-1A992016E479}.Release|x64.Build.0 = Release|Any CPU
		{C38F9FD3-54CE-4DFD-BCE4-1A992016E479}.Release|x86.ActiveCfg = Release|Any CPU
		{C38F9FD3-54CE-4DFD-BCE4-1A992016E479}.Release|x86.Build.0 = Release|Any CPU
		{551C2140-1E5B-49E1-8B42-2EE3F1277A47}.Debug|Any CPU.ActiveCfg = Debug|Any CPU
		{551C2140-1E5B-49E1-8B42-2EE3F1277A47}.Debug|Any CPU.Build.0 = Debug|Any CPU
		{551C2140-1E5B-49E1-8B42-2EE3F1277A47}.Debug|x64.ActiveCfg = Debug|Any CPU
		{551C2140-1E5B-49E1-8B42-2EE3F1277A47}.Debug|x64.Build.0 = Debug|Any CPU
		{551C2140-1E5B-49E1-8B42-2EE3F1277A47}.Debug|x86.ActiveCfg = Debug|Any CPU
		{551C2140-1E5B-49E1-8B42-2EE3F1277A47}.Debug|x86.Build.0 = Debug|Any CPU
		{551C2140-1E5B-49E1-8B42-2EE3F1277A47}.Release|Any CPU.ActiveCfg = Release|Any CPU
		{551C2140-1E5B-49E1-8B42-2EE3F1277A47}.Release|Any CPU.Build.0 = Release|Any CPU
		{551C2140-1E5B-49E1-8B42-2EE3F1277A47}.Release|x64.ActiveCfg = Release|Any CPU
		{551C2140-1E5B-49E1-8B42-2EE3F1277A47}.Release|x64.Build.0 = Release|Any CPU
		{551C2140-1E5B-49E1-8B42-2EE3F1277A47}.Release|x86.ActiveCfg = Release|Any CPU
		{551C2140-1E5B-49E1-8B42-2EE3F1277A47}.Release|x86.Build.0 = Release|Any CPU
		{85FD63DE-C4C0-46E4-95DD-977AADF5E2A5}.Debug|Any CPU.ActiveCfg = Debug|Any CPU
		{85FD63DE-C4C0-46E4-95DD-977AADF5E2A5}.Debug|Any CPU.Build.0 = Debug|Any CPU
		{85FD63DE-C4C0-46E4-95DD-977AADF5E2A5}.Debug|x64.ActiveCfg = Debug|Any CPU
		{85FD63DE-C4C0-46E4-95DD-977AADF5E2A5}.Debug|x64.Build.0 = Debug|Any CPU
		{85FD63DE-C4C0-46E4-95DD-977AADF5E2A5}.Debug|x86.ActiveCfg = Debug|Any CPU
		{85FD63DE-C4C0-46E4-95DD-977AADF5E2A5}.Debug|x86.Build.0 = Debug|Any CPU
		{85FD63DE-C4C0-46E4-95DD-977AADF5E2A5}.Release|Any CPU.ActiveCfg = Release|Any CPU
		{85FD63DE-C4C0-46E4-95DD-977AADF5E2A5}.Release|Any CPU.Build.0 = Release|Any CPU
		{85FD63DE-C4C0-46E4-95DD-977AADF5E2A5}.Release|x64.ActiveCfg = Release|Any CPU
		{85FD63DE-C4C0-46E4-95DD-977AADF5E2A5}.Release|x64.Build.0 = Release|Any CPU
		{85FD63DE-C4C0-46E4-95DD-977AADF5E2A5}.Release|x86.ActiveCfg = Release|Any CPU
		{85FD63DE-C4C0-46E4-95DD-977AADF5E2A5}.Release|x86.Build.0 = Release|Any CPU
		{ED727C71-43C7-478E-93F4-4AFE7818CB7B}.Debug|Any CPU.ActiveCfg = Debug|Any CPU
		{ED727C71-43C7-478E-93F4-4AFE7818CB7B}.Debug|Any CPU.Build.0 = Debug|Any CPU
		{ED727C71-43C7-478E-93F4-4AFE7818CB7B}.Debug|x64.ActiveCfg = Debug|Any CPU
		{ED727C71-43C7-478E-93F4-4AFE7818CB7B}.Debug|x64.Build.0 = Debug|Any CPU
		{ED727C71-43C7-478E-93F4-4AFE7818CB7B}.Debug|x86.ActiveCfg = Debug|Any CPU
		{ED727C71-43C7-478E-93F4-4AFE7818CB7B}.Debug|x86.Build.0 = Debug|Any CPU
		{ED727C71-43C7-478E-93F4-4AFE7818CB7B}.Release|Any CPU.ActiveCfg = Release|Any CPU
		{ED727C71-43C7-478E-93F4-4AFE7818CB7B}.Release|Any CPU.Build.0 = Release|Any CPU
		{ED727C71-43C7-478E-93F4-4AFE7818CB7B}.Release|x64.ActiveCfg = Release|Any CPU
		{ED727C71-43C7-478E-93F4-4AFE7818CB7B}.Release|x64.Build.0 = Release|Any CPU
		{ED727C71-43C7-478E-93F4-4AFE7818CB7B}.Release|x86.ActiveCfg = Release|Any CPU
		{ED727C71-43C7-478E-93F4-4AFE7818CB7B}.Release|x86.Build.0 = Release|Any CPU
		{FFCF6596-0EE5-4A66-8246-4BE47F3E95A7}.Debug|Any CPU.ActiveCfg = Debug|Any CPU
		{FFCF6596-0EE5-4A66-8246-4BE47F3E95A7}.Debug|Any CPU.Build.0 = Debug|Any CPU
		{FFCF6596-0EE5-4A66-8246-4BE47F3E95A7}.Debug|x64.ActiveCfg = Debug|Any CPU
		{FFCF6596-0EE5-4A66-8246-4BE47F3E95A7}.Debug|x64.Build.0 = Debug|Any CPU
		{FFCF6596-0EE5-4A66-8246-4BE47F3E95A7}.Debug|x86.ActiveCfg = Debug|Any CPU
		{FFCF6596-0EE5-4A66-8246-4BE47F3E95A7}.Debug|x86.Build.0 = Debug|Any CPU
		{FFCF6596-0EE5-4A66-8246-4BE47F3E95A7}.Release|Any CPU.ActiveCfg = Release|Any CPU
		{FFCF6596-0EE5-4A66-8246-4BE47F3E95A7}.Release|Any CPU.Build.0 = Release|Any CPU
		{FFCF6596-0EE5-4A66-8246-4BE47F3E95A7}.Release|x64.ActiveCfg = Release|Any CPU
		{FFCF6596-0EE5-4A66-8246-4BE47F3E95A7}.Release|x64.Build.0 = Release|Any CPU
		{FFCF6596-0EE5-4A66-8246-4BE47F3E95A7}.Release|x86.ActiveCfg = Release|Any CPU
		{FFCF6596-0EE5-4A66-8246-4BE47F3E95A7}.Release|x86.Build.0 = Release|Any CPU
	EndGlobalSection
	GlobalSection(SolutionProperties) = preSolution
		HideSolutionNode = FALSE
	EndGlobalSection
	GlobalSection(NestedProjects) = preSolution
		{E5BD4757-6ECF-4885-B3FB-ACA6C4082B94} = {827E0CD3-B72D-47B6-A68D-7590B98EB39B}
		{DC13A3C3-122E-40F5-AADE-89254FBA75B9} = {827E0CD3-B72D-47B6-A68D-7590B98EB39B}
		{C38F9FD3-54CE-4DFD-BCE4-1A992016E479} = {827E0CD3-B72D-47B6-A68D-7590B98EB39B}
		{551C2140-1E5B-49E1-8B42-2EE3F1277A47} = {827E0CD3-B72D-47B6-A68D-7590B98EB39B}
		{85FD63DE-C4C0-46E4-95DD-977AADF5E2A5} = {0AB3BF05-4346-4AA6-1389-037BE0695223}
		{ED727C71-43C7-478E-93F4-4AFE7818CB7B} = {0AB3BF05-4346-4AA6-1389-037BE0695223}
		{FFCF6596-0EE5-4A66-8246-4BE47F3E95A7} = {07C2787E-EAC7-C090-1BA3-A61EC2A24D84}
	EndGlobalSection
EndGlobal
